
Microsoft Visual Studio Solution File, Format Version 11.00
# Visual Studio 2010
Project("{FAE04EC0-301F-11D3-BF4B-00C04F79EFBC}") = "AstarPathfindingProject", "AstarPathfindingProject.csproj", "{CD49C5F5-7032-5B55-EE48-19BA766F5FFE}"
EndProject
Project("{FAE04EC0-301F-11D3-BF4B-00C04F79EFBC}") = "Assembly-CSharp", "Assembly-CSharp.csproj", "{2B2647B2-8299-7387-3E0A-4B344FD39977}"
EndProject
Project("{FAE04EC0-301F-11D3-BF4B-00C04F79EFBC}") = "AstarPathfindingProjectEditor", "AstarPathfindingProjectEditor.csproj", "{06309B73-F432-0306-D76B-8E9459911C7D}"
EndProject
Project("{FAE04EC0-301F-11D3-BF4B-00C04F79EFBC}") = "PackageToolsEditor", "PackageToolsEditor.csproj", "{8893560C-9400-0008-668B-B745EF2B241D}"
EndProject
Global
	GlobalSection(SolutionConfigurationPlatforms) = preSolution
		Debug|Any CPU = Debug|Any CPU
		Release|Any CPU = Release|Any CPU
	EndGlobalSection
	GlobalSection(ProjectConfigurationPlatforms) = postSolution
		{CD49C5F5-7032-5B55-EE48-19BA766F5FFE}.Debug|Any CPU.ActiveCfg = Debug|Any CPU
		{CD49C5F5-7032-5B55-EE48-19BA766F5FFE}.Debug|Any CPU.Build.0 = Debug|Any CPU
		{CD49C5F5-7032-5B55-EE48-19BA766F5FFE}.Release|Any CPU.ActiveCfg = Release|Any CPU
		{CD49C5F5-7032-5B55-EE48-19BA766F5FFE}.Release|Any CPU.Build.0 = Release|Any CPU
		{2B2647B2-8299-7387-3E0A-4B344FD39977}.Debug|Any CPU.ActiveCfg = Debug|Any CPU
		{2B2647B2-8299-7387-3E0A-4B344FD39977}.Debug|Any CPU.Build.0 = Debug|Any CPU
		{2B2647B2-8299-7387-3E0A-4B344FD39977}.Release|Any CPU.ActiveCfg = Release|Any CPU
		{2B2647B2-8299-7387-3E0A-4B344FD39977}.Release|Any CPU.Build.0 = Release|Any CPU
		{06309B73-F432-0306-D76B-8E9459911C7D}.Debug|Any CPU.ActiveCfg = Debug|Any CPU
		{06309B73-F432-0306-D76B-8E9459911C7D}.Debug|Any CPU.Build.0 = Debug|Any CPU
		{06309B73-F432-0306-D76B-8E9459911C7D}.Release|Any CPU.ActiveCfg = Release|Any CPU
		{06309B73-F432-0306-D76B-8E9459911C7D}.Release|Any CPU.Build.0 = Release|Any CPU
		{8893560C-9400-0008-668B-B745EF2B241D}.Debug|Any CPU.ActiveCfg = Debug|Any CPU
		{8893560C-9400-0008-668B-B745EF2B241D}.Debug|Any CPU.Build.0 = Debug|Any CPU
		{8893560C-9400-0008-668B-B745EF2B241D}.Release|Any CPU.ActiveCfg = Release|Any CPU
		{8893560C-9400-0008-668B-B745EF2B241D}.Release|Any CPU.Build.0 = Release|Any CPU
	EndGlobalSection
	GlobalSection(SolutionProperties) = preSolution
		HideSolutionNode = FALSE
	EndGlobalSection
EndGlobal
